
Microsoft Visual Studio Solution File, Format Version 12.00
# Visual Studio Version 17
VisualStudioVersion = 17.5.002.0
MinimumVisualStudioVersion = 10.0.40219.1
Project("{9A19103F-16F7-4668-BE54-9A1E7A4F7556}") = "dobleMassive", "doubleMassive\dobleMassive.csproj", "{35D347A8-AB2E-4ACB-A319-D7414A6A1667}"
EndProject
Project("{9A19103F-16F7-4668-BE54-9A1E7A4F7556}") = "doubleMassive1.1", "doubleMassive1.1\doubleMassive1.1.csproj", "{E4757F49-87AE-4358-B766-B472D924502B}"
EndProject
Project("{9A19103F-16F7-4668-BE54-9A1E7A4F7556}") = "dobleMassive2", "doubleMassive2\dobleMassive2.csproj", "{E8A0D1E0-8A92-4C63-B5E8-DC53014EA8FF}"
EndProject
Project("{9A19103F-16F7-4668-BE54-9A1E7A4F7556}") = "doubleMassive2.1", "doubleMassive2.1\doubleMassive2.1.csproj", "{924BFF4F-0039-4C17-A7C2-26C654AA01AB}"
EndProject
Project("{9A19103F-16F7-4668-BE54-9A1E7A4F7556}") = "dobleMassive3", "doubleMassive3\dobleMassive3.csproj", "{CFF36908-A5F1-4112-A829-E0A0E446AB40}"
EndProject
Project("{9A19103F-16F7-4668-BE54-9A1E7A4F7556}") = "Functions1", "Functions1\Functions1.csproj", "{7818CB85-B0B0-452F-9FAF-E3DECDF3CB00}"
EndProject
Project("{9A19103F-16F7-4668-BE54-9A1E7A4F7556}") = "Functions1.1", "Functions1.1\Functions1.1.csproj", "{3003A856-BFFB-4C3B-9FEF-3B3572D8EE5F}"
EndProject
Project("{9A19103F-16F7-4668-BE54-9A1E7A4F7556}") = "Functions1.2", "Functions1.2\Functions1.2.csproj", "{A08D8C0F-2EE9-4252-BC14-7DBF9DE9F37C}"
EndProject
Project("{9A19103F-16F7-4668-BE54-9A1E7A4F7556}") = "Functions1.3", "Functions1.3\Functions1.3.csproj", "{E349A5F3-737D-4053-A426-C032D96D2D51}"
EndProject
Project("{9A19103F-16F7-4668-BE54-9A1E7A4F7556}") = "Functions2", "Functions2\Functions2.csproj", "{50942B9E-5F44-4D97-ACB6-108847D4F70D}"
EndProject
Project("{9A19103F-16F7-4668-BE54-9A1E7A4F7556}") = "Functions3", "Functions3\Functions3.csproj", "{8A877D60-5F4E-4FE9-A954-E4857525D702}"
EndProject
Project("{9A19103F-16F7-4668-BE54-9A1E7A4F7556}") = "HomeWork2", "HomeWork2\HomeWork2.csproj", "{71BD4876-1C83-4611-AEE9-F5A1B713D384}"
EndProject
Project("{9A19103F-16F7-4668-BE54-9A1E7A4F7556}") = "HomeWork2.1", "HomeWork2.1\HomeWork2.1.csproj", "{4A126886-9B2C-40AD-826F-6625CDE6F979}"
EndProject
Project("{9A19103F-16F7-4668-BE54-9A1E7A4F7556}") = "HomeWork2.2", "HomeWork2.2\HomeWork2.2.csproj", "{0955F237-439F-4183-A1AC-55E5EC23B563}"
EndProject
Project("{9A19103F-16F7-4668-BE54-9A1E7A4F7556}") = "homeWork2Massive1", "homeWork2Massive1\homeWork2Massive1.csproj", "{696CC5CE-E3A1-4485-837F-110E277E73A6}"
EndProject
Project("{9A19103F-16F7-4668-BE54-9A1E7A4F7556}") = "HomeWorkDoubleM", "HomeWorkDoubleM\HomeWorkDoubleM.csproj", "{95919C38-898C-4FEA-AEFC-5315358D9992}"
EndProject
Project("{9A19103F-16F7-4668-BE54-9A1E7A4F7556}") = "HomeWorkDoubleM2", "HomeWorkDoubleM2\HomeWorkDoubleM2.csproj", "{1BF499F1-1506-4603-B4C5-D0F68B086C8E}"
EndProject
Project("{9A19103F-16F7-4668-BE54-9A1E7A4F7556}") = "HomeWorkDoubleM3", "HomeWorkDoubleM3\HomeWorkDoubleM3.csproj", "{0BB834EE-550A-4EA3-B0B3-7390D10A30DA}"
EndProject
Project("{9A19103F-16F7-4668-BE54-9A1E7A4F7556}") = "HomeWorkFunction", "HomeWorkFunction\HomeWorkFunction.csproj", "{13D06BA8-8815-45CA-A2F6-EBCCC77A7E16}"
EndProject
Project("{9A19103F-16F7-4668-BE54-9A1E7A4F7556}") = "HomeWorkFunction2", "HomeWorkFunction2\HomeWorkFunction2.csproj", "{300A779B-E039-42A7-8131-14108316588F}"
EndProject
Project("{9A19103F-16F7-4668-BE54-9A1E7A4F7556}") = "HomeWorkFunction3", "HomeWorkFunction3\HomeWorkFunction3.csproj", "{0D78C628-1BD3-4F0A-8318-2F86A42FB1C8}"
EndProject
Project("{9A19103F-16F7-4668-BE54-9A1E7A4F7556}") = "HomeWorkFunction4", "HomeWorkFunction4\HomeWorkFunction4.csproj", "{0A8A6BF2-063D-4358-B599-D895A6CAAC0C}"
EndProject
Project("{9A19103F-16F7-4668-BE54-9A1E7A4F7556}") = "Recursion1", "Recursion1\Recursion1.csproj", "{ABCAE746-B89C-4555-86D2-B36D12EC0EA6}"
EndProject
Project("{9A19103F-16F7-4668-BE54-9A1E7A4F7556}") = "Recursion2", "Recursion2\Recursion2.csproj", "{45AAF8A0-0C19-4087-9C96-1C835ADB5569}"
EndProject
Project("{9A19103F-16F7-4668-BE54-9A1E7A4F7556}") = "Recursion3", "Recursion3\Recursion3.csproj", "{A79EA451-C1CE-4FDE-8939-3F936A5AFDC0}"
EndProject
Project("{9A19103F-16F7-4668-BE54-9A1E7A4F7556}") = "Recursion4", "Recursion4\Recursion4.csproj", "{C5B2F056-E344-4A91-A223-2FD7B5F10B20}"
EndProject
Project("{9A19103F-16F7-4668-BE54-9A1E7A4F7556}") = "Recursion5", "Recursion5\Recursion5.csproj", "{FBF16A07-9F90-4D16-BBC7-2ECB8289B146}"
EndProject
Project("{9A19103F-16F7-4668-BE54-9A1E7A4F7556}") = "sem1task1", "sem1task1\sem1task1.csproj", "{17FA7030-B51A-489C-BD2F-2CF632F774C1}"
EndProject
Project("{9A19103F-16F7-4668-BE54-9A1E7A4F7556}") = "sem1task2", "sem1task2\sem1task2.csproj", "{6A64D0E7-A7AD-4397-9AC3-D034C154230A}"
EndProject
Project("{9A19103F-16F7-4668-BE54-9A1E7A4F7556}") = "sem1task3", "sem1task3\sem1task3.csproj", "{8A94A9C2-D714-4E93-8513-DAE0129C7B80}"
EndProject
Project("{9A19103F-16F7-4668-BE54-9A1E7A4F7556}") = "sem2task1", "sem2task1\sem2task1.csproj", "{2C82F433-39F0-4247-8599-B5302A59F089}"
EndProject
Project("{9A19103F-16F7-4668-BE54-9A1E7A4F7556}") = "sem2task2", "sem2task2\sem2task2.csproj", "{1F87B89E-E833-4A16-853C-FD399071F378}"
EndProject
Project("{9A19103F-16F7-4668-BE54-9A1E7A4F7556}") = "sem2task3", "sem2task3\sem2task3.csproj", "{B1920529-1C27-432F-9A8E-A086236930BE}"
EndProject
Project("{9A19103F-16F7-4668-BE54-9A1E7A4F7556}") = "sem2task4", "sem2task4\sem2task4.csproj", "{5A15DE64-56D1-4468-B610-3C4F57D90719}"
EndProject
Project("{9A19103F-16F7-4668-BE54-9A1E7A4F7556}") = "sem3task1", "sem3task1\sem3task1.csproj", "{82EAAFC1-EB16-40AA-98CA-1D67758E5D44}"
EndProject
Project("{9A19103F-16F7-4668-BE54-9A1E7A4F7556}") = "sem3task2", "sem3task2\sem3task2.csproj", "{88F1F3F0-1EF7-42D5-B9FD-EBEBA6A77553}"
EndProject
Project("{9A19103F-16F7-4668-BE54-9A1E7A4F7556}") = "sem3task3", "sem3task3\sem3task3.csproj", "{8DA62E10-8F0B-4CB4-919E-F0F659193237}"
EndProject
Project("{9A19103F-16F7-4668-BE54-9A1E7A4F7556}") = "sem3task4", "sem3task4\sem3task4.csproj", "{8974A6A2-E3A0-4278-9265-C773016FE36C}"
EndProject
Project("{9A19103F-16F7-4668-BE54-9A1E7A4F7556}") = "string2", "string2\string2.csproj", "{52B13765-D7CA-4B4C-9152-A167821D316E}"
EndProject
Project("{9A19103F-16F7-4668-BE54-9A1E7A4F7556}") = "string3", "string3\string3.csproj", "{70FAE18B-6EB7-4119-A7C9-648A81E707D3}"
EndProject
Project("{9A19103F-16F7-4668-BE54-9A1E7A4F7556}") = "strings1", "strings1\strings1.csproj", "{D90AFB67-32E8-4432-A5B5-B56296FBB19C}"
EndProject
Project("{9A19103F-16F7-4668-BE54-9A1E7A4F7556}") = "WorkWithMass", "WorkWithMass\WorkWithMass.csproj", "{E8C0CFF4-8A8A-4CB1-8141-4D07A66395DD}"
EndProject
Project("{9A19103F-16F7-4668-BE54-9A1E7A4F7556}") = "WorkWithMass2", "WorkWithMass2\WorkWithMass2.csproj", "{EC6136D9-BA39-4346-9386-509141645781}"
EndProject
Project("{9A19103F-16F7-4668-BE54-9A1E7A4F7556}") = "WorkWithMass3", "WorkWithMass3\WorkWithMass3.csproj", "{42A414F3-2F46-4B20-8F3F-29E81725D692}"
EndProject
Global
	GlobalSection(SolutionConfigurationPlatforms) = preSolution
		Debug|Any CPU = Debug|Any CPU
		Release|Any CPU = Release|Any CPU
	EndGlobalSection
	GlobalSection(ProjectConfigurationPlatforms) = postSolution
		{35D347A8-AB2E-4ACB-A319-D7414A6A1667}.Debug|Any CPU.ActiveCfg = Debug|Any CPU
		{35D347A8-AB2E-4ACB-A319-D7414A6A1667}.Debug|Any CPU.Build.0 = Debug|Any CPU
		{35D347A8-AB2E-4ACB-A319-D7414A6A1667}.Release|Any CPU.ActiveCfg = Release|Any CPU
		{35D347A8-AB2E-4ACB-A319-D7414A6A1667}.Release|Any CPU.Build.0 = Release|Any CPU
		{E4757F49-87AE-4358-B766-B472D924502B}.Debug|Any CPU.ActiveCfg = Debug|Any CPU
		{E4757F49-87AE-4358-B766-B472D924502B}.Debug|Any CPU.Build.0 = Debug|Any CPU
		{E4757F49-87AE-4358-B766-B472D924502B}.Release|Any CPU.ActiveCfg = Release|Any CPU
		{E4757F49-87AE-4358-B766-B472D924502B}.Release|Any CPU.Build.0 = Release|Any CPU
		{E8A0D1E0-8A92-4C63-B5E8-DC53014EA8FF}.Debug|Any CPU.ActiveCfg = Debug|Any CPU
		{E8A0D1E0-8A92-4C63-B5E8-DC53014EA8FF}.Debug|Any CPU.Build.0 = Debug|Any CPU
		{E8A0D1E0-8A92-4C63-B5E8-DC53014EA8FF}.Release|Any CPU.ActiveCfg = Release|Any CPU
		{E8A0D1E0-8A92-4C63-B5E8-DC53014EA8FF}.Release|Any CPU.Build.0 = Release|Any CPU
		{924BFF4F-0039-4C17-A7C2-26C654AA01AB}.Debug|Any CPU.ActiveCfg = Debug|Any CPU
		{924BFF4F-0039-4C17-A7C2-26C654AA01AB}.Debug|Any CPU.Build.0 = Debug|Any CPU
		{924BFF4F-0039-4C17-A7C2-26C654AA01AB}.Release|Any CPU.ActiveCfg = Release|Any CPU
		{924BFF4F-0039-4C17-A7C2-26C654AA01AB}.Release|Any CPU.Build.0 = Release|Any CPU
		{CFF36908-A5F1-4112-A829-E0A0E446AB40}.Debug|Any CPU.ActiveCfg = Debug|Any CPU
		{CFF36908-A5F1-4112-A829-E0A0E446AB40}.Debug|Any CPU.Build.0 = Debug|Any CPU
		{CFF36908-A5F1-4112-A829-E0A0E446AB40}.Release|Any CPU.ActiveCfg = Release|Any CPU
		{CFF36908-A5F1-4112-A829-E0A0E446AB40}.Release|Any CPU.Build.0 = Release|Any CPU
		{7818CB85-B0B0-452F-9FAF-E3DECDF3CB00}.Debug|Any CPU.ActiveCfg = Debug|Any CPU
		{7818CB85-B0B0-452F-9FAF-E3DECDF3CB00}.Debug|Any CPU.Build.0 = Debug|Any CPU
		{7818CB85-B0B0-452F-9FAF-E3DECDF3CB00}.Release|Any CPU.ActiveCfg = Release|Any CPU
		{7818CB85-B0B0-452F-9FAF-E3DECDF3CB00}.Release|Any CPU.Build.0 = Release|Any CPU
		{3003A856-BFFB-4C3B-9FEF-3B3572D8EE5F}.Debug|Any CPU.ActiveCfg = Debug|Any CPU
		{3003A856-BFFB-4C3B-9FEF-3B3572D8EE5F}.Debug|Any CPU.Build.0 = Debug|Any CPU
		{3003A856-BFFB-4C3B-9FEF-3B3572D8EE5F}.Release|Any CPU.ActiveCfg = Release|Any CPU
		{3003A856-BFFB-4C3B-9FEF-3B3572D8EE5F}.Release|Any CPU.Build.0 = Release|Any CPU
		{A08D8C0F-2EE9-4252-BC14-7DBF9DE9F37C}.Debug|Any CPU.ActiveCfg = Debug|Any CPU
		{A08D8C0F-2EE9-4252-BC14-7DBF9DE9F37C}.Debug|Any CPU.Build.0 = Debug|Any CPU
		{A08D8C0F-2EE9-4252-BC14-7DBF9DE9F37C}.Release|Any CPU.ActiveCfg = Release|Any CPU
		{A08D8C0F-2EE9-4252-BC14-7DBF9DE9F37C}.Release|Any CPU.Build.0 = Release|Any CPU
		{E349A5F3-737D-4053-A426-C032D96D2D51}.Debug|Any CPU.ActiveCfg = Debug|Any CPU
		{E349A5F3-737D-4053-A426-C032D96D2D51}.Debug|Any CPU.Build.0 = Debug|Any CPU
		{E349A5F3-737D-4053-A426-C032D96D2D51}.Release|Any CPU.ActiveCfg = Release|Any CPU
		{E349A5F3-737D-4053-A426-C032D96D2D51}.Release|Any CPU.Build.0 = Release|Any CPU
		{50942B9E-5F44-4D97-ACB6-108847D4F70D}.Debug|Any CPU.ActiveCfg = Debug|Any CPU
		{50942B9E-5F44-4D97-ACB6-108847D4F70D}.Debug|Any CPU.Build.0 = Debug|Any CPU
		{50942B9E-5F44-4D97-ACB6-108847D4F70D}.Release|Any CPU.ActiveCfg = Release|Any CPU
		{50942B9E-5F44-4D97-ACB6-108847D4F70D}.Release|Any CPU.Build.0 = Release|Any CPU
		{8A877D60-5F4E-4FE9-A954-E4857525D702}.Debug|Any CPU.ActiveCfg = Debug|Any CPU
		{8A877D60-5F4E-4FE9-A954-E4857525D702}.Debug|Any CPU.Build.0 = Debug|Any CPU
		{8A877D60-5F4E-4FE9-A954-E4857525D702}.Release|Any CPU.ActiveCfg = Release|Any CPU
		{8A877D60-5F4E-4FE9-A954-E4857525D702}.Release|Any CPU.Build.0 = Release|Any CPU
		{71BD4876-1C83-4611-AEE9-F5A1B713D384}.Debug|Any CPU.ActiveCfg = Debug|Any CPU
		{71BD4876-1C83-4611-AEE9-F5A1B713D384}.Debug|Any CPU.Build.0 = Debug|Any CPU
		{71BD4876-1C83-4611-AEE9-F5A1B713D384}.Release|Any CPU.ActiveCfg = Release|Any CPU
		{71BD4876-1C83-4611-AEE9-F5A1B713D384}.Release|Any CPU.Build.0 = Release|Any CPU
		{4A126886-9B2C-40AD-826F-6625CDE6F979}.Debug|Any CPU.ActiveCfg = Debug|Any CPU
		{4A126886-9B2C-40AD-826F-6625CDE6F979}.Debug|Any CPU.Build.0 = Debug|Any CPU
		{4A126886-9B2C-40AD-826F-6625CDE6F979}.Release|Any CPU.ActiveCfg = Release|Any CPU
		{4A126886-9B2C-40AD-826F-6625CDE6F979}.Release|Any CPU.Build.0 = Release|Any CPU
		{0955F237-439F-4183-A1AC-55E5EC23B563}.Debug|Any CPU.ActiveCfg = Debug|Any CPU
		{0955F237-439F-4183-A1AC-55E5EC23B563}.Debug|Any CPU.Build.0 = Debug|Any CPU
		{0955F237-439F-4183-A1AC-55E5EC23B563}.Release|Any CPU.ActiveCfg = Release|Any CPU
		{0955F237-439F-4183-A1AC-55E5EC23B563}.Release|Any CPU.Build.0 = Release|Any CPU
		{696CC5CE-E3A1-4485-837F-110E277E73A6}.Debug|Any CPU.ActiveCfg = Debug|Any CPU
		{696CC5CE-E3A1-4485-837F-110E277E73A6}.Debug|Any CPU.Build.0 = Debug|Any CPU
		{696CC5CE-E3A1-4485-837F-110E277E73A6}.Release|Any CPU.ActiveCfg = Release|Any CPU
		{696CC5CE-E3A1-4485-837F-110E277E73A6}.Release|Any CPU.Build.0 = Release|Any CPU
		{95919C38-898C-4FEA-AEFC-5315358D9992}.Debug|Any CPU.ActiveCfg = Debug|Any CPU
		{95919C38-898C-4FEA-AEFC-5315358D9992}.Debug|Any CPU.Build.0 = Debug|Any CPU
		{95919C38-898C-4FEA-AEFC-5315358D9992}.Release|Any CPU.ActiveCfg = Release|Any CPU
		{95919C38-898C-4FEA-AEFC-5315358D9992}.Release|Any CPU.Build.0 = Release|Any CPU
		{1BF499F1-1506-4603-B4C5-D0F68B086C8E}.Debug|Any CPU.ActiveCfg = Debug|Any CPU
		{1BF499F1-1506-4603-B4C5-D0F68B086C8E}.Debug|Any CPU.Build.0 = Debug|Any CPU
		{1BF499F1-1506-4603-B4C5-D0F68B086C8E}.Release|Any CPU.ActiveCfg = Release|Any CPU
		{1BF499F1-1506-4603-B4C5-D0F68B086C8E}.Release|Any CPU.Build.0 = Release|Any CPU
		{0BB834EE-550A-4EA3-B0B3-7390D10A30DA}.Debug|Any CPU.ActiveCfg = Debug|Any CPU
		{0BB834EE-550A-4EA3-B0B3-7390D10A30DA}.Debug|Any CPU.Build.0 = Debug|Any CPU
		{0BB834EE-550A-4EA3-B0B3-7390D10A30DA}.Release|Any CPU.ActiveCfg = Release|Any CPU
		{0BB834EE-550A-4EA3-B0B3-7390D10A30DA}.Release|Any CPU.Build.0 = Release|Any CPU
		{13D06BA8-8815-45CA-A2F6-EBCCC77A7E16}.Debug|Any CPU.ActiveCfg = Debug|Any CPU
		{13D06BA8-8815-45CA-A2F6-EBCCC77A7E16}.Debug|Any CPU.Build.0 = Debug|Any CPU
		{13D06BA8-8815-45CA-A2F6-EBCCC77A7E16}.Release|Any CPU.ActiveCfg = Release|Any CPU
		{13D06BA8-8815-45CA-A2F6-EBCCC77A7E16}.Release|Any CPU.Build.0 = Release|Any CPU
		{300A779B-E039-42A7-8131-14108316588F}.Debug|Any CPU.ActiveCfg = Debug|Any CPU
		{300A779B-E039-42A7-8131-14108316588F}.Debug|Any CPU.Build.0 = Debug|Any CPU
		{300A779B-E039-42A7-8131-14108316588F}.Release|Any CPU.ActiveCfg = Release|Any CPU
		{300A779B-E039-42A7-8131-14108316588F}.Release|Any CPU.Build.0 = Release|Any CPU
		{0D78C628-1BD3-4F0A-8318-2F86A42FB1C8}.Debug|Any CPU.ActiveCfg = Debug|Any CPU
		{0D78C628-1BD3-4F0A-8318-2F86A42FB1C8}.Debug|Any CPU.Build.0 = Debug|Any CPU
		{0D78C628-1BD3-4F0A-8318-2F86A42FB1C8}.Release|Any CPU.ActiveCfg = Release|Any CPU
		{0D78C628-1BD3-4F0A-8318-2F86A42FB1C8}.Release|Any CPU.Build.0 = Release|Any CPU
		{0A8A6BF2-063D-4358-B599-D895A6CAAC0C}.Debug|Any CPU.ActiveCfg = Debug|Any CPU
		{0A8A6BF2-063D-4358-B599-D895A6CAAC0C}.Debug|Any CPU.Build.0 = Debug|Any CPU
		{0A8A6BF2-063D-4358-B599-D895A6CAAC0C}.Release|Any CPU.ActiveCfg = Release|Any CPU
		{0A8A6BF2-063D-4358-B599-D895A6CAAC0C}.Release|Any CPU.Build.0 = Release|Any CPU
		{ABCAE746-B89C-4555-86D2-B36D12EC0EA6}.Debug|Any CPU.ActiveCfg = Debug|Any CPU
		{ABCAE746-B89C-4555-86D2-B36D12EC0EA6}.Debug|Any CPU.Build.0 = Debug|Any CPU
		{ABCAE746-B89C-4555-86D2-B36D12EC0EA6}.Release|Any CPU.ActiveCfg = Release|Any CPU
		{ABCAE746-B89C-4555-86D2-B36D12EC0EA6}.Release|Any CPU.Build.0 = Release|Any CPU
		{45AAF8A0-0C19-4087-9C96-1C835ADB5569}.Debug|Any CPU.ActiveCfg = Debug|Any CPU
		{45AAF8A0-0C19-4087-9C96-1C835ADB5569}.Debug|Any CPU.Build.0 = Debug|Any CPU
		{45AAF8A0-0C19-4087-9C96-1C835ADB5569}.Release|Any CPU.ActiveCfg = Release|Any CPU
		{45AAF8A0-0C19-4087-9C96-1C835ADB5569}.Release|Any CPU.Build.0 = Release|Any CPU
		{A79EA451-C1CE-4FDE-8939-3F936A5AFDC0}.Debug|Any CPU.ActiveCfg = Debug|Any CPU
		{A79EA451-C1CE-4FDE-8939-3F936A5AFDC0}.Debug|Any CPU.Build.0 = Debug|Any CPU
		{A79EA451-C1CE-4FDE-8939-3F936A5AFDC0}.Release|Any CPU.ActiveCfg = Release|Any CPU
		{A79EA451-C1CE-4FDE-8939-3F936A5AFDC0}.Release|Any CPU.Build.0 = Release|Any CPU
		{C5B2F056-E344-4A91-A223-2FD7B5F10B20}.Debug|Any CPU.ActiveCfg = Debug|Any CPU
		{C5B2F056-E344-4A91-A223-2FD7B5F10B20}.Debug|Any CPU.Build.0 = Debug|Any CPU
		{C5B2F056-E344-4A91-A223-2FD7B5F10B20}.Release|Any CPU.ActiveCfg = Release|Any CPU
		{C5B2F056-E344-4A91-A223-2FD7B5F10B20}.Release|Any CPU.Build.0 = Release|Any CPU
		{FBF16A07-9F90-4D16-BBC7-2ECB8289B146}.Debug|Any CPU.ActiveCfg = Debug|Any CPU
		{FBF16A07-9F90-4D16-BBC7-2ECB8289B146}.Debug|Any CPU.Build.0 = Debug|Any CPU
		{FBF16A07-9F90-4D16-BBC7-2ECB8289B146}.Release|Any CPU.ActiveCfg = Release|Any CPU
		{FBF16A07-9F90-4D16-BBC7-2ECB8289B146}.Release|Any CPU.Build.0 = Release|Any CPU
		{17FA7030-B51A-489C-BD2F-2CF632F774C1}.Debug|Any CPU.ActiveCfg = Debug|Any CPU
		{17FA7030-B51A-489C-BD2F-2CF632F774C1}.Debug|Any CPU.Build.0 = Debug|Any CPU
		{17FA7030-B51A-489C-BD2F-2CF632F774C1}.Release|Any CPU.ActiveCfg = Release|Any CPU
		{17FA7030-B51A-489C-BD2F-2CF632F774C1}.Release|Any CPU.Build.0 = Release|Any CPU
		{6A64D0E7-A7AD-4397-9AC3-D034C154230A}.Debug|Any CPU.ActiveCfg = Debug|Any CPU
		{6A64D0E7-A7AD-4397-9AC3-D034C154230A}.Debug|Any CPU.Build.0 = Debug|Any CPU
		{6A64D0E7-A7AD-4397-9AC3-D034C154230A}.Release|Any CPU.ActiveCfg = Release|Any CPU
		{6A64D0E7-A7AD-4397-9AC3-D034C154230A}.Release|Any CPU.Build.0 = Release|Any CPU
		{8A94A9C2-D714-4E93-8513-DAE0129C7B80}.Debug|Any CPU.ActiveCfg = Debug|Any CPU
		{8A94A9C2-D714-4E93-8513-DAE0129C7B80}.Debug|Any CPU.Build.0 = Debug|Any CPU
		{8A94A9C2-D714-4E93-8513-DAE0129C7B80}.Release|Any CPU.ActiveCfg = Release|Any CPU
		{8A94A9C2-D714-4E93-8513-DAE0129C7B80}.Release|Any CPU.Build.0 = Release|Any CPU
		{2C82F433-39F0-4247-8599-B5302A59F089}.Debug|Any CPU.ActiveCfg = Debug|Any CPU
		{2C82F433-39F0-4247-8599-B5302A59F089}.Debug|Any CPU.Build.0 = Debug|Any CPU
		{2C82F433-39F0-4247-8599-B5302A59F089}.Release|Any CPU.ActiveCfg = Release|Any CPU
		{2C82F433-39F0-4247-8599-B5302A59F089}.Release|Any CPU.Build.0 = Release|Any CPU
		{1F87B89E-E833-4A16-853C-FD399071F378}.Debug|Any CPU.ActiveCfg = Debug|Any CPU
		{1F87B89E-E833-4A16-853C-FD399071F378}.Debug|Any CPU.Build.0 = Debug|Any CPU
		{1F87B89E-E833-4A16-853C-FD399071F378}.Release|Any CPU.ActiveCfg = Release|Any CPU
		{1F87B89E-E833-4A16-853C-FD399071F378}.Release|Any CPU.Build.0 = Release|Any CPU
		{B1920529-1C27-432F-9A8E-A086236930BE}.Debug|Any CPU.ActiveCfg = Debug|Any CPU
		{B1920529-1C27-432F-9A8E-A086236930BE}.Debug|Any CPU.Build.0 = Debug|Any CPU
		{B1920529-1C27-432F-9A8E-A086236930BE}.Release|Any CPU.ActiveCfg = Release|Any CPU
		{B1920529-1C27-432F-9A8E-A086236930BE}.Release|Any CPU.Build.0 = Release|Any CPU
		{5A15DE64-56D1-4468-B610-3C4F57D90719}.Debug|Any CPU.ActiveCfg = Debug|Any CPU
		{5A15DE64-56D1-4468-B610-3C4F57D90719}.Debug|Any CPU.Build.0 = Debug|Any CPU
		{5A15DE64-56D1-4468-B610-3C4F57D90719}.Release|Any CPU.ActiveCfg = Release|Any CPU
		{5A15DE64-56D1-4468-B610-3C4F57D90719}.Release|Any CPU.Build.0 = Release|Any CPU
		{82EAAFC1-EB16-40AA-98CA-1D67758E5D44}.Debug|Any CPU.ActiveCfg = Debug|Any CPU
		{82EAAFC1-EB16-40AA-98CA-1D67758E5D44}.Debug|Any CPU.Build.0 = Debug|Any CPU
		{82EAAFC1-EB16-40AA-98CA-1D67758E5D44}.Release|Any CPU.ActiveCfg = Release|Any CPU
		{82EAAFC1-EB16-40AA-98CA-1D67758E5D44}.Release|Any CPU.Build.0 = Release|Any CPU
		{88F1F3F0-1EF7-42D5-B9FD-EBEBA6A77553}.Debug|Any CPU.ActiveCfg = Debug|Any CPU
		{88F1F3F0-1EF7-42D5-B9FD-EBEBA6A77553}.Debug|Any CPU.Build.0 = Debug|Any CPU
		{88F1F3F0-1EF7-42D5-B9FD-EBEBA6A77553}.Release|Any CPU.ActiveCfg = Release|Any CPU
		{88F1F3F0-1EF7-42D5-B9FD-EBEBA6A77553}.Release|Any CPU.Build.0 = Release|Any CPU
		{8DA62E10-8F0B-4CB4-919E-F0F659193237}.Debug|Any CPU.ActiveCfg = Debug|Any CPU
		{8DA62E10-8F0B-4CB4-919E-F0F659193237}.Debug|Any CPU.Build.0 = Debug|Any CPU
		{8DA62E10-8F0B-4CB4-919E-F0F659193237}.Release|Any CPU.ActiveCfg = Release|Any CPU
		{8DA62E10-8F0B-4CB4-919E-F0F659193237}.Release|Any CPU.Build.0 = Release|Any CPU
		{8974A6A2-E3A0-4278-9265-C773016FE36C}.Debug|Any CPU.ActiveCfg = Debug|Any CPU
		{8974A6A2-E3A0-4278-9265-C773016FE36C}.Debug|Any CPU.Build.0 = Debug|Any CPU
		{8974A6A2-E3A0-4278-9265-C773016FE36C}.Release|Any CPU.ActiveCfg = Release|Any CPU
		{8974A6A2-E3A0-4278-9265-C773016FE36C}.Release|Any CPU.Build.0 = Release|Any CPU
		{52B13765-D7CA-4B4C-9152-A167821D316E}.Debug|Any CPU.ActiveCfg = Debug|Any CPU
		{52B13765-D7CA-4B4C-9152-A167821D316E}.Debug|Any CPU.Build.0 = Debug|Any CPU
		{52B13765-D7CA-4B4C-9152-A167821D316E}.Release|Any CPU.ActiveCfg = Release|Any CPU
		{52B13765-D7CA-4B4C-9152-A167821D316E}.Release|Any CPU.Build.0 = Release|Any CPU
		{70FAE18B-6EB7-4119-A7C9-648A81E707D3}.Debug|Any CPU.ActiveCfg = Debug|Any CPU
		{70FAE18B-6EB7-4119-A7C9-648A81E707D3}.Debug|Any CPU.Build.0 = Debug|Any CPU
		{70FAE18B-6EB7-4119-A7C9-648A81E707D3}.Release|Any CPU.ActiveCfg = Release|Any CPU
		{70FAE18B-6EB7-4119-A7C9-648A81E707D3}.Release|Any CPU.Build.0 = Release|Any CPU
		{D90AFB67-32E8-4432-A5B5-B56296FBB19C}.Debug|Any CPU.ActiveCfg = Debug|Any CPU
		{D90AFB67-32E8-4432-A5B5-B56296FBB19C}.Debug|Any CPU.Build.0 = Debug|Any CPU
		{D90AFB67-32E8-4432-A5B5-B56296FBB19C}.Release|Any CPU.ActiveCfg = Release|Any CPU
		{D90AFB67-32E8-4432-A5B5-B56296FBB19C}.Release|Any CPU.Build.0 = Release|Any CPU
		{E8C0CFF4-8A8A-4CB1-8141-4D07A66395DD}.Debug|Any CPU.ActiveCfg = Debug|Any CPU
		{E8C0CFF4-8A8A-4CB1-8141-4D07A66395DD}.Debug|Any CPU.Build.0 = Debug|Any CPU
		{E8C0CFF4-8A8A-4CB1-8141-4D07A66395DD}.Release|Any CPU.ActiveCfg = Release|Any CPU
		{E8C0CFF4-8A8A-4CB1-8141-4D07A66395DD}.Release|Any CPU.Build.0 = Release|Any CPU
		{EC6136D9-BA39-4346-9386-509141645781}.Debug|Any CPU.ActiveCfg = Debug|Any CPU
		{EC6136D9-BA39-4346-9386-509141645781}.Debug|Any CPU.Build.0 = Debug|Any CPU
		{EC6136D9-BA39-4346-9386-509141645781}.Release|Any CPU.ActiveCfg = Release|Any CPU
		{EC6136D9-BA39-4346-9386-509141645781}.Release|Any CPU.Build.0 = Release|Any CPU
		{42A414F3-2F46-4B20-8F3F-29E81725D692}.Debug|Any CPU.ActiveCfg = Debug|Any CPU
		{42A414F3-2F46-4B20-8F3F-29E81725D692}.Debug|Any CPU.Build.0 = Debug|Any CPU
		{42A414F3-2F46-4B20-8F3F-29E81725D692}.Release|Any CPU.ActiveCfg = Release|Any CPU
		{42A414F3-2F46-4B20-8F3F-29E81725D692}.Release|Any CPU.Build.0 = Release|Any CPU
	EndGlobalSection
	GlobalSection(SolutionProperties) = preSolution
		HideSolutionNode = FALSE
	EndGlobalSection
	GlobalSection(ExtensibilityGlobals) = postSolution
		SolutionGuid = {6CFF16CA-29FF-499D-A17D-75C08DBC5A79}
	EndGlobalSection
EndGlobal
